// !$*UTF8*$!
{
	archiveVersion = 1;
	classes = {
	};
	objectVersion = 48;
	objects = {

/* Begin PBXBuildFile section */
		C8CB8CA71F7E0E6400FC918F /* AppDelegate.m in Sources */ = {isa = PBXBuildFile; fileRef = C8CB8CA61F7E0E6400FC918F /* AppDelegate.m */; };
		C8CB8CAA1F7E0E6400FC918F /* ViewController.m in Sources */ = {isa = PBXBuildFile; fileRef = C8CB8CA91F7E0E6400FC918F /* ViewController.m */; };
		C8CB8CAD1F7E0E6400FC918F /* Main.storyboard in Resources */ = {isa = PBXBuildFile; fileRef = C8CB8CAB1F7E0E6400FC918F /* Main.storyboard */; };
		C8CB8CAF1F7E0E6400FC918F /* Assets.xcassets in Resources */ = {isa = PBXBuildFile; fileRef = C8CB8CAE1F7E0E6400FC918F /* Assets.xcassets */; };
		C8CB8CB21F7E0E6400FC918F /* LaunchScreen.storyboard in Resources */ = {isa = PBXBuildFile; fileRef = C8CB8CB01F7E0E6400FC918F /* LaunchScreen.storyboard */; };
		C8CB8CB51F7E0E6400FC918F /* main.m in Sources */ = {isa = PBXBuildFile; fileRef = C8CB8CB41F7E0E6400FC918F /* main.m */; };
		C8CB8CBF1F7E0E6400FC918F /* _________Tests.m in Sources */ = {isa = PBXBuildFile; fileRef = C8CB8CBE1F7E0E6400FC918F /* _________Tests.m */; };
		C8CB8CCA1F7E0E6400FC918F /* _________UITests.m in Sources */ = {isa = PBXBuildFile; fileRef = C8CB8CC91F7E0E6400FC918F /* _________UITests.m */; };
		C8CB8CD91F7E0E7F00FC918F /* Person.m in Sources */ = {isa = PBXBuildFile; fileRef = C8CB8CD81F7E0E7F00FC918F /* Person.m */; };
/* End PBXBuildFile section */

/* Begin PBXContainerItemProxy section */
		C8CB8CBB1F7E0E6400FC918F /* PBXContainerItemProxy */ = {
			isa = PBXContainerItemProxy;
			containerPortal = C8CB8C9A1F7E0E6400FC918F /* Project object */;
			proxyType = 1;
			remoteGlobalIDString = C8CB8CA11F7E0E6400FC918F;
			remoteInfo = "链式编程和函数编程";
		};
		C8CB8CC61F7E0E6400FC918F /* PBXContainerItemProxy */ = {
			isa = PBXContainerItemProxy;
			containerPortal = C8CB8C9A1F7E0E6400FC918F /* Project object */;
			proxyType = 1;
			remoteGlobalIDString = C8CB8CA11F7E0E6400FC918F;
			remoteInfo = "链式编程和函数编程";
		};
/* End PBXContainerItemProxy section */

/* Begin PBXFileReference section */
		C8CB8CA21F7E0E6400FC918F /* 链式编程和函数编程.app */ = {isa = PBXFileReference; explicitFileType = wrapper.application; includeInIndex = 0; path = "链式编程和函数编程.app"; sourceTree = BUILT_PRODUCTS_DIR; };
		C8CB8CA51F7E0E6400FC918F /* AppDelegate.h */ = {isa = PBXFileReference; lastKnownFileType = sourcecode.c.h; path = AppDelegate.h; sourceTree = "<group>"; };
		C8CB8CA61F7E0E6400FC918F /* AppDelegate.m */ = {isa = PBXFileReference; lastKnownFileType = sourcecode.c.objc; path = AppDelegate.m; sourceTree = "<group>"; };
		C8CB8CA81F7E0E6400FC918F /* ViewController.h */ = {isa = PBXFileReference; lastKnownFileType = sourcecode.c.h; path = ViewController.h; sourceTree = "<group>"; };
		C8CB8CA91F7E0E6400FC918F /* ViewController.m */ = {isa = PBXFileReference; lastKnownFileType = sourcecode.c.objc; path = ViewController.m; sourceTree = "<group>"; };
		C8CB8CAC1F7E0E6400FC918F /* Base */ = {isa = PBXFileReference; lastKnownFileType = file.storyboard; name = Base; path = Base.lproj/Main.storyboard; sourceTree = "<group>"; };
		C8CB8CAE1F7E0E6400FC918F /* Assets.xcassets */ = {isa = PBXFileReference; lastKnownFileType = folder.assetcatalog; path = Assets.xcassets; sourceTree = "<group>"; };
		C8CB8CB11F7E0E6400FC918F /* Base */ = {isa = PBXFileReference; lastKnownFileType = file.storyboard; name = Base; path = Base.lproj/LaunchScreen.storyboard; sourceTree = "<group>"; };
		C8CB8CB31F7E0E6400FC918F /* Info.plist */ = {isa = PBXFileReference; lastKnownFileType = text.plist.xml; path = Info.plist; sourceTree = "<group>"; };
		C8CB8CB41F7E0E6400FC918F /* main.m */ = {isa = PBXFileReference; lastKnownFileType = sourcecode.c.objc; path = main.m; sourceTree = "<group>"; };
		C8CB8CBA1F7E0E6400FC918F /* 链式编程和函数编程Tests.xctest */ = {isa = PBXFileReference; explicitFileType = wrapper.cfbundle; includeInIndex = 0; path = "链式编程和函数编程Tests.xctest"; sourceTree = BUILT_PRODUCTS_DIR; };
		C8CB8CBE1F7E0E6400FC918F /* _________Tests.m */ = {isa = PBXFileReference; lastKnownFileType = sourcecode.c.objc; path = "_________Tests.m"; sourceTree = "<group>"; };
		C8CB8CC01F7E0E6400FC918F /* Info.plist */ = {isa = PBXFileReference; lastKnownFileType = text.plist.xml; path = Info.plist; sourceTree = "<group>"; };
		C8CB8CC51F7E0E6400FC918F /* 链式编程和函数编程UITests.xctest */ = {isa = PBXFileReference; explicitFileType = wrapper.cfbundle; includeInIndex = 0; path = "链式编程和函数编程UITests.xctest"; sourceTree = BUILT_PRODUCTS_DIR; };
		C8CB8CC91F7E0E6400FC918F /* _________UITests.m */ = {isa = PBXFileReference; lastKnownFileType = sourcecode.c.objc; path = "_________UITests.m"; sourceTree = "<group>"; };
		C8CB8CCB1F7E0E6400FC918F /* Info.plist */ = {isa = PBXFileReference; lastKnownFileType = text.plist.xml; path = Info.plist; sourceTree = "<group>"; };
		C8CB8CD71F7E0E7F00FC918F /* Person.h */ = {isa = PBXFileReference; lastKnownFileType = sourcecode.c.h; path = Person.h; sourceTree = "<group>"; };
		C8CB8CD81F7E0E7F00FC918F /* Person.m */ = {isa = PBXFileReference; lastKnownFileType = sourcecode.c.objc; path = Person.m; sourceTree = "<group>"; };
/* End PBXFileReference section */

/* Begin PBXFrameworksBuildPhase section */
		C8CB8C9F1F7E0E6400FC918F /* Frameworks */ = {
			isa = PBXFrameworksBuildPhase;
			buildActionMask = 2147483647;
			files = (
			);
			runOnlyForDeploymentPostprocessing = 0;
		};
		C8CB8CB71F7E0E6400FC918F /* Frameworks */ = {
			isa = PBXFrameworksBuildPhase;
			buildActionMask = 2147483647;
			files = (
			);
			runOnlyForDeploymentPostprocessing = 0;
		};
		C8CB8CC21F7E0E6400FC918F /* Frameworks */ = {
			isa = PBXFrameworksBuildPhase;
			buildActionMask = 2147483647;
			files = (
			);
			runOnlyForDeploymentPostprocessing = 0;
		};
/* End PBXFrameworksBuildPhase section */

/* Begin PBXGroup section */
		C8CB8C991F7E0E6400FC918F = {
			isa = PBXGroup;
			children = (
				C8CB8CA41F7E0E6400FC918F /* 链式编程和函数编程 */,
				C8CB8CBD1F7E0E6400FC918F /* 链式编程和函数编程Tests */,
				C8CB8CC81F7E0E6400FC918F /* 链式编程和函数编程UITests */,
				C8CB8CA31F7E0E6400FC918F /* Products */,
			);
			sourceTree = "<group>";
		};
		C8CB8CA31F7E0E6400FC918F /* Products */ = {
			isa = PBXGroup;
			children = (
				C8CB8CA21F7E0E6400FC918F /* 链式编程和函数编程.app */,
				C8CB8CBA1F7E0E6400FC918F /* 链式编程和函数编程Tests.xctest */,
				C8CB8CC51F7E0E6400FC918F /* 链式编程和函数编程UITests.xctest */,
			);
			name = Products;
			sourceTree = "<group>";
		};
		C8CB8CA41F7E0E6400FC918F /* 链式编程和函数编程 */ = {
			isa = PBXGroup;
			children = (
				C8CB8CA51F7E0E6400FC918F /* AppDelegate.h */,
				C8CB8CA61F7E0E6400FC918F /* AppDelegate.m */,
				C8CB8CA81F7E0E6400FC918F /* ViewController.h */,
				C8CB8CA91F7E0E6400FC918F /* ViewController.m */,
				C8CB8CD71F7E0E7F00FC918F /* Person.h */,
				C8CB8CD81F7E0E7F00FC918F /* Person.m */,
				C8CB8CAB1F7E0E6400FC918F /* Main.storyboard */,
				C8CB8CAE1F7E0E6400FC918F /* Assets.xcassets */,
				C8CB8CB01F7E0E6400FC918F /* LaunchScreen.storyboard */,
				C8CB8CB31F7E0E6400FC918F /* Info.plist */,
				C8CB8CB41F7E0E6400FC918F /* main.m */,
			);
			path = "链式编程和函数编程";
			sourceTree = "<group>";
		};
		C8CB8CBD1F7E0E6400FC918F /* 链式编程和函数编程Tests */ = {
			isa = PBXGroup;
			children = (
				C8CB8CBE1F7E0E6400FC918F /* _________Tests.m */,
				C8CB8CC01F7E0E6400FC918F /* Info.plist */,
			);
			path = "链式编程和函数编程Tests";
			sourceTree = "<group>";
		};
		C8CB8CC81F7E0E6400FC918F /* 链式编程和函数编程UITests */ = {
			isa = PBXGroup;
			children = (
				C8CB8CC91F7E0E6400FC918F /* _________UITests.m */,
				C8CB8CCB1F7E0E6400FC918F /* Info.plist */,
			);
			path = "链式编程和函数编程UITests";
			sourceTree = "<group>";
		};
/* End PBXGroup section */

/* Begin PBXNativeTarget section */
		C8CB8CA11F7E0E6400FC918F /* 链式编程和函数编程 */ = {
			isa = PBXNativeTarget;
			buildConfigurationList = C8CB8CCE1F7E0E6400FC918F /* Build configuration list for PBXNativeTarget "链式编程和函数编程" */;
			buildPhases = (
				C8CB8C9E1F7E0E6400FC918F /* Sources */,
				C8CB8C9F1F7E0E6400FC918F /* Frameworks */,
				C8CB8CA01F7E0E6400FC918F /* Resources */,
			);
			buildRules = (
			);
			dependencies = (
			);
			name = "链式编程和函数编程";
			productName = "链式编程和函数编程";
			productReference = C8CB8CA21F7E0E6400FC918F /* 链式编程和函数编程.app */;
			productType = "com.apple.product-type.application";
		};
		C8CB8CB91F7E0E6400FC918F /* 链式编程和函数编程Tests */ = {
			isa = PBXNativeTarget;
			buildConfigurationList = C8CB8CD11F7E0E6400FC918F /* Build configuration list for PBXNativeTarget "链式编程和函数编程Tests" */;
			buildPhases = (
				C8CB8CB61F7E0E6400FC918F /* Sources */,
				C8CB8CB71F7E0E6400FC918F /* Frameworks */,
				C8CB8CB81F7E0E6400FC918F /* Resources */,
			);
			buildRules = (
			);
			dependencies = (
				C8CB8CBC1F7E0E6400FC918F /* PBXTargetDependency */,
			);
			name = "链式编程和函数编程Tests";
			productName = "链式编程和函数编程Tests";
			productReference = C8CB8CBA1F7E0E6400FC918F /* 链式编程和函数编程Tests.xctest */;
			productType = "com.apple.product-type.bundle.unit-test";
		};
		C8CB8CC41F7E0E6400FC918F /* 链式编程和函数编程UITests */ = {
			isa = PBXNativeTarget;
			buildConfigurationList = C8CB8CD41F7E0E6400FC918F /* Build configuration list for PBXNativeTarget "链式编程和函数编程UITests" */;
			buildPhases = (
				C8CB8CC11F7E0E6400FC918F /* Sources */,
				C8CB8CC21F7E0E6400FC918F /* Frameworks */,
				C8CB8CC31F7E0E6400FC918F /* Resources */,
			);
			buildRules = (
			);
			dependencies = (
				C8CB8CC71F7E0E6400FC918F /* PBXTargetDependency */,
			);
			name = "链式编程和函数编程UITests";
			productName = "链式编程和函数编程UITests";
			productReference = C8CB8CC51F7E0E6400FC918F /* 链式编程和函数编程UITests.xctest */;
			productType = "com.apple.product-type.bundle.ui-testing";
		};
/* End PBXNativeTarget section */

/* Begin PBXProject section */
		C8CB8C9A1F7E0E6400FC918F /* Project object */ = {
			isa = PBXProject;
			attributes = {
				LastUpgradeCheck = 0900;
				ORGANIZATIONNAME = 383Mac;
				TargetAttributes = {
					C8CB8CA11F7E0E6400FC918F = {
						CreatedOnToolsVersion = 9.0;
						ProvisioningStyle = Automatic;
					};
					C8CB8CB91F7E0E6400FC918F = {
						CreatedOnToolsVersion = 9.0;
						ProvisioningStyle = Automatic;
						TestTargetID = C8CB8CA11F7E0E6400FC918F;
					};
					C8CB8CC41F7E0E6400FC918F = {
						CreatedOnToolsVersion = 9.0;
						ProvisioningStyle = Automatic;
						TestTargetID = C8CB8CA11F7E0E6400FC918F;
					};
				};
			};
			buildConfigurationList = C8CB8C9D1F7E0E6400FC918F /* Build configuration list for PBXProject "链式编程和函数编程" */;
			compatibilityVersion = "Xcode 8.0";
			developmentRegion = en;
			hasScannedForEncodings = 0;
			knownRegions = (
				en,
				Base,
			);
			mainGroup = C8CB8C991F7E0E6400FC918F;
			productRefGroup = C8CB8CA31F7E0E6400FC918F /* Products */;
			projectDirPath = "";
			projectRoot = "";
			targets = (
				C8CB8CA11F7E0E6400FC918F /* 链式编程和函数编程 */,
				C8CB8CB91F7E0E6400FC918F /* 链式编程和函数编程Tests */,
				C8CB8CC41F7E0E6400FC918F /* 链式编程和函数编程UITests */,
			);
		};
/* End PBXProject section */

/* Begin PBXResourcesBuildPhase section */
		C8CB8CA01F7E0E6400FC918F /* Resources */ = {
			isa = PBXResourcesBuildPhase;
			buildActionMask = 2147483647;
			files = (
				C8CB8CB21F7E0E6400FC918F /* LaunchScreen.storyboard in Resources */,
				C8CB8CAF1F7E0E6400FC918F /* Assets.xcassets in Resources */,
				C8CB8CAD1F7E0E6400FC918F /* Main.storyboard in Resources */,
			);
			runOnlyForDeploymentPostprocessing = 0;
		};
		C8CB8CB81F7E0E6400FC918F /* Resources */ = {
			isa = PBXResourcesBuildPhase;
			buildActionMask = 2147483647;
			files = (
			);
			runOnlyForDeploymentPostprocessing = 0;
		};
		C8CB8CC31F7E0E6400FC918F /* Resources */ = {
			isa = PBXResourcesBuildPhase;
			buildActionMask = 2147483647;
			files = (
			);
			runOnlyForDeploymentPostprocessing = 0;
		};
/* End PBXResourcesBuildPhase section */

/* Begin PBXSourcesBuildPhase section */
		C8CB8C9E1F7E0E6400FC918F /* Sources */ = {
			isa = PBXSourcesBuildPhase;
			buildActionMask = 2147483647;
			files = (
				C8CB8CAA1F7E0E6400FC918F /* ViewController.m in Sources */,
				C8CB8CB51F7E0E6400FC918F /* main.m in Sources */,
				C8CB8CD91F7E0E7F00FC918F /* Person.m in Sources */,
				C8CB8CA71F7E0E6400FC918F /* AppDelegate.m in Sources */,
			);
			runOnlyForDeploymentPostprocessing = 0;
		};
		C8CB8CB61F7E0E6400FC918F /* Sources */ = {
			isa = PBXSourcesBuildPhase;
			buildActionMask = 2147483647;
			files = (
				C8CB8CBF1F7E0E6400FC918F /* _________Tests.m in Sources */,
			);
			runOnlyForDeploymentPostprocessing = 0;
		};
		C8CB8CC11F7E0E6400FC918F /* Sources */ = {
			isa = PBXSourcesBuildPhase;
			buildActionMask = 2147483647;
			files = (
				C8CB8CCA1F7E0E6400FC918F /* _________UITests.m in Sources */,
			);
			runOnlyForDeploymentPostprocessing = 0;
		};
/* End PBXSourcesBuildPhase section */

/* Begin PBXTargetDependency section */
		C8CB8CBC1F7E0E6400FC918F /* PBXTargetDependency */ = {
			isa = PBXTargetDependency;
			target = C8CB8CA11F7E0E6400FC918F /* 链式编程和函数编程 */;
			targetProxy = C8CB8CBB1F7E0E6400FC918F /* PBXContainerItemProxy */;
		};
		C8CB8CC71F7E0E6400FC918F /* PBXTargetDependency */ = {
			isa = PBXTargetDependency;
			target = C8CB8CA11F7E0E6400FC918F /* 链式编程和函数编程 */;
			targetProxy = C8CB8CC61F7E0E6400FC918F /* PBXContainerItemProxy */;
		};
/* End PBXTargetDependency section */

/* Begin PBXVariantGroup section */
		C8CB8CAB1F7E0E6400FC918F /* Main.storyboard */ = {
			isa = PBXVariantGroup;
			children = (
				C8CB8CAC1F7E0E6400FC918F /* Base */,
			);
			name = Main.storyboard;
			sourceTree = "<group>";
		};
		C8CB8CB01F7E0E6400FC918F /* LaunchScreen.storyboard */ = {
			isa = PBXVariantGroup;
			children = (
				C8CB8CB11F7E0E6400FC918F /* Base */,
			);
			name = LaunchScreen.storyboard;
			sourceTree = "<group>";
		};
/* End PBXVariantGroup section */

/* Begin XCBuildConfiguration section */
		C8CB8CCC1F7E0E6400FC918F /* Debug */ = {
			isa = XCBuildConfiguration;
			buildSettings = {
				ALWAYS_SEARCH_USER_PATHS = NO;
				CLANG_ANALYZER_NONNULL = YES;
				CLANG_ANALYZER_NUMBER_OBJECT_CONVERSION = YES_AGGRESSIVE;
				CLANG_CXX_LANGUAGE_STANDARD = "gnu++14";
				CLANG_CXX_LIBRARY = "libc++";
				CLANG_ENABLE_MODULES = YES;
				CLANG_ENABLE_OBJC_ARC = YES;
				CLANG_WARN_BLOCK_CAPTURE_AUTORELEASING = YES;
				CLANG_WARN_BOOL_CONVERSION = YES;
				CLANG_WARN_COMMA = YES;
				CLANG_WARN_CONSTANT_CONVERSION = YES;
				CLANG_WARN_DIRECT_OBJC_ISA_USAGE = YES_ERROR;
				CLANG_WARN_DOCUMENTATION_COMMENTS = YES;
				CLANG_WARN_EMPTY_BODY = YES;
				CLANG_WARN_ENUM_CONVERSION = YES;
				CLANG_WARN_INFINITE_RECURSION = YES;
				CLANG_WARN_INT_CONVERSION = YES;
				CLANG_WARN_NON_LITERAL_NULL_CONVERSION = YES;
				CLANG_WARN_OBJC_LITERAL_CONVERSION = YES;
				CLANG_WARN_OBJC_ROOT_CLASS = YES_ERROR;
				CLANG_WARN_RANGE_LOOP_ANALYSIS = YES;
				CLANG_WARN_STRICT_PROTOTYPES = YES;
				CLANG_WARN_SUSPICIOUS_MOVE = YES;
				CLANG_WARN_UNGUARDED_AVAILABILITY = YES_AGGRESSIVE;
				CLANG_WARN_UNREACHABLE_CODE = YES;
				CLANG_WARN__DUPLICATE_METHOD_MATCH = YES;
				CODE_SIGN_IDENTITY = "iPhone Developer";
				COPY_PHASE_STRIP = NO;
				DEBUG_INFORMATION_FORMAT = dwarf;
				ENABLE_STRICT_OBJC_MSGSEND = YES;
				ENABLE_TESTABILITY = YES;
				GCC_C_LANGUAGE_STANDARD = gnu11;
				GCC_DYNAMIC_NO_PIC = NO;
				GCC_NO_COMMON_BLOCKS = YES;
				GCC_OPTIMIZATION_LEVEL = 0;
				GCC_PREPROCESSOR_DEFINITIONS = (
					"DEBUG=1",
					"$(inherited)",
				);
				GCC_WARN_64_TO_32_BIT_CONVERSION = YES;
				GCC_WARN_ABOUT_RETURN_TYPE = YES_ERROR;
				GCC_WARN_UNDECLARED_SELECTOR = YES;
				GCC_WARN_UNINITIALIZED_AUTOS = YES_AGGRESSIVE;
				GCC_WARN_UNUSED_FUNCTION = YES;
				GCC_WARN_UNUSED_VARIABLE = YES;
				IPHONEOS_DEPLOYMENT_TARGET = 11.0;
				MTL_ENABLE_DEBUG_INFO = YES;
				ONLY_ACTIVE_ARCH = YES;
				SDKROOT = iphoneos;
			};
			name = Debug;
		};
		C8CB8CCD1F7E0E6400FC918F /* Release */ = {
			isa = XCBuildConfiguration;
			buildSettings = {
				ALWAYS_SEARCH_USER_PATHS = NO;
				CLANG_ANALYZER_NONNULL = YES;
				CLANG_ANALYZER_NUMBER_OBJECT_CONVERSION = YES_AGGRESSIVE;
				CLANG_CXX_LANGUAGE_STANDARD = "gnu++14";
				CLANG_CXX_LIBRARY = "libc++";
				CLANG_ENABLE_MODULES = YES;
				CLANG_ENABLE_OBJC_ARC = YES;
				CLANG_WARN_BLOCK_CAPTURE_AUTORELEASING = YES;
				CLANG_WARN_BOOL_CONVERSION = YES;
				CLANG_WARN_COMMA = YES;
				CLANG_WARN_CONSTANT_CONVERSION = YES;
				CLANG_WARN_DIRECT_OBJC_ISA_USAGE = YES_ERROR;
				CLANG_WARN_DOCUMENTATION_COMMENTS = YES;
				CLANG_WARN_EMPTY_BODY = YES;
				CLANG_WARN_ENUM_CONVERSION = YES;
				CLANG_WARN_INFINITE_RECURSION = YES;
				CLANG_WARN_INT_CONVERSION = YES;
				CLANG_WARN_NON_LITERAL_NULL_CONVERSION = YES;
				CLANG_WARN_OBJC_LITERAL_CONVERSION = YES;
				CLANG_WARN_OBJC_ROOT_CLASS = YES_ERROR;
				CLANG_WARN_RANGE_LOOP_ANALYSIS = YES;
				CLANG_WARN_STRICT_PROTOTYPES = YES;
				CLANG_WARN_SUSPICIOUS_MOVE = YES;
				CLANG_WARN_UNGUARDED_AVAILABILITY = YES_AGGRESSIVE;
				CLANG_WARN_UNREACHABLE_CODE = YES;
				CLANG_WARN__DUPLICATE_METHOD_MATCH = YES;
				CODE_SIGN_IDENTITY = "iPhone Developer";
				COPY_PHASE_STRIP = NO;
				DEBUG_INFORMATION_FORMAT = "dwarf-with-dsym";
				ENABLE_NS_ASSERTIONS = NO;
				ENABLE_STRICT_OBJC_MSGSEND = YES;
				GCC_C_LANGUAGE_STANDARD = gnu11;
				GCC_NO_COMMON_BLOCKS = YES;
				GCC_WARN_64_TO_32_BIT_CONVERSION = YES;
				GCC_WARN_ABOUT_RETURN_TYPE = YES_ERROR;
				GCC_WARN_UNDECLARED_SELECTOR = YES;
				GCC_WARN_UNINITIALIZED_AUTOS = YES_AGGRESSIVE;
				GCC_WARN_UNUSED_FUNCTION = YES;
				GCC_WARN_UNUSED_VARIABLE = YES;
				IPHONEOS_DEPLOYMENT_TARGET = 11.0;
				MTL_ENABLE_DEBUG_INFO = NO;
				SDKROOT = iphoneos;
				VALIDATE_PRODUCT = YES;
			};
			name = Release;
		};
		C8CB8CCF1F7E0E6400FC918F /* Debug */ = {
			isa = XCBuildConfiguration;
			buildSettings = {
				ASSETCATALOG_COMPILER_APPICON_NAME = AppIcon;
				CODE_SIGN_STYLE = Automatic;
				INFOPLIST_FILE = "链式编程和函数编程/Info.plist";
				LD_RUNPATH_SEARCH_PATHS = "$(inherited) @executable_path/Frameworks";
				PRODUCT_BUNDLE_IDENTIFIER = "---.---------";
				PRODUCT_NAME = "$(TARGET_NAME)";
				TARGETED_DEVICE_FAMILY = "1,2";
			};
			name = Debug;
		};
		C8CB8CD01F7E0E6400FC918F /* Release */ = {
			isa = XCBuildConfiguration;
			buildSettings = {
				ASSETCATALOG_COMPILER_APPICON_NAME = AppIcon;
				CODE_SIGN_STYLE = Automatic;
				INFOPLIST_FILE = "链式编程和函数编程/Info.plist";
				LD_RUNPATH_SEARCH_PATHS = "$(inherited) @executable_path/Frameworks";
				PRODUCT_BUNDLE_IDENTIFIER = "---.---------";
				PRODUCT_NAME = "$(TARGET_NAME)";
				TARGETED_DEVICE_FAMILY = "1,2";
			};
			name = Release;
		};
		C8CB8CD21F7E0E6400FC918F /* Debug */ = {
			isa = XCBuildConfiguration;
			buildSettings = {
				BUNDLE_LOADER = "$(TEST_HOST)";
				CODE_SIGN_STYLE = Automatic;
				INFOPLIST_FILE = "链式编程和函数编程Tests/Info.plist";
				LD_RUNPATH_SEARCH_PATHS = "$(inherited) @executable_path/Frameworks @loader_path/Frameworks";
				PRODUCT_BUNDLE_IDENTIFIER = "---.---------Tests";
				PRODUCT_NAME = "$(TARGET_NAME)";
				TARGETED_DEVICE_FAMILY = "1,2";
				TEST_HOST = "$(BUILT_PRODUCTS_DIR)/链式编程和函数编程.app/链式编程和函数编程";
			};
			name = Debug;
		};
		C8CB8CD31F7E0E6400FC918F /* Release */ = {
			isa = XCBuildConfiguration;
			buildSettings = {
				BUNDLE_LOADER = "$(TEST_HOST)";
				CODE_SIGN_STYLE = Automatic;
				INFOPLIST_FILE = "链式编程和函数编程Tests/Info.plist";
				LD_RUNPATH_SEARCH_PATHS = "$(inherited) @executable_path/Frameworks @loader_path/Frameworks";
				PRODUCT_BUNDLE_IDENTIFIER = "---.---------Tests";
				PRODUCT_NAME = "$(TARGET_NAME)";
				TARGETED_DEVICE_FAMILY = "1,2";
				TEST_HOST = "$(BUILT_PRODUCTS_DIR)/链式编程和函数编程.app/链式编程和函数编程";
			};
			name = Release;
		};
		C8CB8CD51F7E0E6400FC918F /* Debug */ = {
			isa = XCBuildConfiguration;
			buildSettings = {
				CODE_SIGN_STYLE = Automatic;
				INFOPLIST_FILE = "链式编程和函数编程UITests/Info.plist";
				LD_RUNPATH_SEARCH_PATHS = "$(inherited) @executable_path/Frameworks @loader_path/Frameworks";
				PRODUCT_BUNDLE_IDENTIFIER = "---.---------UITests";
				PRODUCT_NAME = "$(TARGET_NAME)";
				TARGETED_DEVICE_FAMILY = "1,2";
				TEST_TARGET_NAME = "链式编程和函数编程";
			};
			name = Debug;
		};
		C8CB8CD61F7E0E6400FC918F /* Release */ = {
			isa = XCBuildConfiguration;
			buildSettings = {
				CODE_SIGN_STYLE = Automatic;
				INFOPLIST_FILE = "链式编程和函数编程UITests/Info.plist";
				LD_RUNPATH_SEARCH_PATHS = "$(inherited) @executable_path/Frameworks @loader_path/Frameworks";
				PRODUCT_BUNDLE_IDENTIFIER = "---.---------UITests";
				PRODUCT_NAME = "$(TARGET_NAME)";
				TARGETED_DEVICE_FAMILY = "1,2";
				TEST_TARGET_NAME = "链式编程和函数编程";
			};
			name = Release;
		};
/* End XCBuildConfiguration section */

/* Begin XCConfigurationList section */
		C8CB8C9D1F7E0E6400FC918F /* Build configuration list for PBXProject "链式编程和函数编程" */ = {
			isa = XCConfigurationList;
			buildConfigurations = (
				C8CB8CCC1F7E0E6400FC918F /* Debug */,
				C8CB8CCD1F7E0E6400FC918F /* Release */,
			);
			defaultConfigurationIsVisible = 0;
			defaultConfigurationName = Release;
		};
		C8CB8CCE1F7E0E6400FC918F /* Build configuration list for PBXNativeTarget "链式编程和函数编程" */ = {
			isa = XCConfigurationList;
			buildConfigurations = (
				C8CB8CCF1F7E0E6400FC918F /* Debug */,
				C8CB8CD01F7E0E6400FC918F /* Release */,
			);
			defaultConfigurationIsVisible = 0;
			defaultConfigurationName = Release;
		};
		C8CB8CD11F7E0E6400FC918F /* Build configuration list for PBXNativeTarget "链式编程和函数编程Tests" */ = {
			isa = XCConfigurationList;
			buildConfigurations = (
				C8CB8CD21F7E0E6400FC918F /* Debug */,
				C8CB8CD31F7E0E6400FC918F /* Release */,
			);
			defaultConfigurationIsVisible = 0;
			defaultConfigurationName = Release;
		};
		C8CB8CD41F7E0E6400FC918F /* Build configuration list for PBXNativeTarget "链式编程和函数编程UITests" */ = {
			isa = XCConfigurationList;
			buildConfigurations = (
				C8CB8CD51F7E0E6400FC918F /* Debug */,
				C8CB8CD61F7E0E6400FC918F /* Release */,
			);
			defaultConfigurationIsVisible = 0;
			defaultConfigurationName = Release;
		};
/* End XCConfigurationList section */
	};
	rootObject = C8CB8C9A1F7E0E6400FC918F /* Project object */;
}
